// !$*UTF8*$!
{
	archiveVersion = 1;
	classes = {
	};
	objectVersion = 56;
	objects = {

/* Begin PBXBuildFile section */
		C41C99C22979E8E7002AD3BD /* AppDelegate.swift in Sources */ = {isa = PBXBuildFile; fileRef = C41C99C12979E8E7002AD3BD /* AppDelegate.swift */; };
		C41C99C62979E8E7002AD3BD /* MainViewController.swift in Sources */ = {isa = PBXBuildFile; fileRef = C41C99C52979E8E7002AD3BD /* MainViewController.swift */; };
		C41C99CB2979E8E8002AD3BD /* Assets.xcassets in Resources */ = {isa = PBXBuildFile; fileRef = C41C99CA2979E8E8002AD3BD /* Assets.xcassets */; };
		C41C99CE2979E8E8002AD3BD /* LaunchScreen.storyboard in Resources */ = {isa = PBXBuildFile; fileRef = C41C99CC2979E8E8002AD3BD /* LaunchScreen.storyboard */; };
		C41C99DB2979ED0C002AD3BD /* MainViewPresenter.swift in Sources */ = {isa = PBXBuildFile; fileRef = C41C99DA2979ED0C002AD3BD /* MainViewPresenter.swift */; };
		C41C99DD2979ED23002AD3BD /* MainViewInteractor.swift in Sources */ = {isa = PBXBuildFile; fileRef = C41C99DC2979ED23002AD3BD /* MainViewInteractor.swift */; };
		C41C99DF2979ED3D002AD3BD /* MainViewConfigurator.swift in Sources */ = {isa = PBXBuildFile; fileRef = C41C99DE2979ED3D002AD3BD /* MainViewConfigurator.swift */; };
		C41C99E32979F10B002AD3BD /* UIView+Extension.swift in Sources */ = {isa = PBXBuildFile; fileRef = C41C99E22979F10B002AD3BD /* UIView+Extension.swift */; };
		C41C99E62979F38B002AD3BD /* MainViewInputProtocol.swift in Sources */ = {isa = PBXBuildFile; fileRef = C41C99E52979F38A002AD3BD /* MainViewInputProtocol.swift */; };
		C41C99E82979F3A6002AD3BD /* MainViewOutputProtocol.swift in Sources */ = {isa = PBXBuildFile; fileRef = C41C99E72979F3A6002AD3BD /* MainViewOutputProtocol.swift */; };
		C41C99EA2979F405002AD3BD /* MainViewInteractorOutputProtocol.swift in Sources */ = {isa = PBXBuildFile; fileRef = C41C99E92979F405002AD3BD /* MainViewInteractorOutputProtocol.swift */; };
		C41C99EC2979F41A002AD3BD /* MainViewInteractorInputProtocol.swift in Sources */ = {isa = PBXBuildFile; fileRef = C41C99EB2979F41A002AD3BD /* MainViewInteractorInputProtocol.swift */; };
		C41C99EE2979F482002AD3BD /* MainViewConfiguratorInputProtocol.swift in Sources */ = {isa = PBXBuildFile; fileRef = C41C99ED2979F482002AD3BD /* MainViewConfiguratorInputProtocol.swift */; };
		C41C99F1297B148C002AD3BD /* APOD.swift in Sources */ = {isa = PBXBuildFile; fileRef = C41C99F0297B148C002AD3BD /* APOD.swift */; };
		C41C99F4297B1B8F002AD3BD /* ImageManager.swift in Sources */ = {isa = PBXBuildFile; fileRef = C41C99F3297B1B8F002AD3BD /* ImageManager.swift */; };
		C41C99F6297B26B8002AD3BD /* NetworkManager.swift in Sources */ = {isa = PBXBuildFile; fileRef = C41C99F5297B26B8002AD3BD /* NetworkManager.swift */; };
		C41C99FE297B363A002AD3BD /* MainTableViewCell.swift in Sources */ = {isa = PBXBuildFile; fileRef = C41C99FD297B363A002AD3BD /* MainTableViewCell.swift */; };
		C41C9A00297B36A7002AD3BD /* ReusableView.swift in Sources */ = {isa = PBXBuildFile; fileRef = C41C99FF297B36A7002AD3BD /* ReusableView.swift */; };
		C43D36072983A362009458A5 /* DetailsViewController.swift in Sources */ = {isa = PBXBuildFile; fileRef = C43D36062983A362009458A5 /* DetailsViewController.swift */; };
		C43D360B2983A3A3009458A5 /* DetailsViewPresenter.swift in Sources */ = {isa = PBXBuildFile; fileRef = C43D360A2983A3A3009458A5 /* DetailsViewPresenter.swift */; };
		C4970C9C2995A07F0049E216 /* APINasaVIPERTestAppTests.swift in Sources */ = {isa = PBXBuildFile; fileRef = C4970C9B2995A07F0049E216 /* APINasaVIPERTestAppTests.swift */; };
		C4F529A4298718C3003EDEAD /* DetailsViewConfiguratorInputProtocol.swift in Sources */ = {isa = PBXBuildFile; fileRef = C4F529A3298718C3003EDEAD /* DetailsViewConfiguratorInputProtocol.swift */; };
		C4F529A6298718DE003EDEAD /* DetailsViewInputProtocol.swift in Sources */ = {isa = PBXBuildFile; fileRef = C4F529A5298718DE003EDEAD /* DetailsViewInputProtocol.swift */; };
		C4F529A8298718FC003EDEAD /* DetailsViewOutputProtocol.swift in Sources */ = {isa = PBXBuildFile; fileRef = C4F529A7298718FC003EDEAD /* DetailsViewOutputProtocol.swift */; };
		C4F529AA29871919003EDEAD /* DetailsViewInteractorOutputProtocol.swift in Sources */ = {isa = PBXBuildFile; fileRef = C4F529A929871919003EDEAD /* DetailsViewInteractorOutputProtocol.swift */; };
		C4F529AC29871937003EDEAD /* DetailsViewInteractorInputProtocol.swift in Sources */ = {isa = PBXBuildFile; fileRef = C4F529AB29871937003EDEAD /* DetailsViewInteractorInputProtocol.swift */; };
		C4F529AE29871AFD003EDEAD /* DetailsViewInteractor.swift in Sources */ = {isa = PBXBuildFile; fileRef = C4F529AD29871AFD003EDEAD /* DetailsViewInteractor.swift */; };
		C4F529B029871B67003EDEAD /* DetailsViewConfigurator.swift in Sources */ = {isa = PBXBuildFile; fileRef = C4F529AF29871B67003EDEAD /* DetailsViewConfigurator.swift */; };
		C4F529B229871EC1003EDEAD /* MainViewRouter.swift in Sources */ = {isa = PBXBuildFile; fileRef = C4F529B129871EC1003EDEAD /* MainViewRouter.swift */; };
		C4F529B429871EF2003EDEAD /* MainViewRouterProtocol.swift in Sources */ = {isa = PBXBuildFile; fileRef = C4F529B329871EF2003EDEAD /* MainViewRouterProtocol.swift */; };
/* End PBXBuildFile section */

/* Begin PBXContainerItemProxy section */
		C4970C9D2995A07F0049E216 /* PBXContainerItemProxy */ = {
			isa = PBXContainerItemProxy;
			containerPortal = C41C99B62979E8E6002AD3BD /* Project object */;
			proxyType = 1;
			remoteGlobalIDString = C41C99BD2979E8E7002AD3BD;
			remoteInfo = APINasaVIPERTestApp;
		};
/* End PBXContainerItemProxy section */

/* Begin PBXFileReference section */
		C41C99BE2979E8E7002AD3BD /* APINasaVIPERTestApp.app */ = {isa = PBXFileReference; explicitFileType = wrapper.application; includeInIndex = 0; path = APINasaVIPERTestApp.app; sourceTree = BUILT_PRODUCTS_DIR; };
		C41C99C12979E8E7002AD3BD /* AppDelegate.swift */ = {isa = PBXFileReference; lastKnownFileType = sourcecode.swift; path = AppDelegate.swift; sourceTree = "<group>"; };
		C41C99C52979E8E7002AD3BD /* MainViewController.swift */ = {isa = PBXFileReference; lastKnownFileType = sourcecode.swift; path = MainViewController.swift; sourceTree = "<group>"; };
		C41C99CA2979E8E8002AD3BD /* Assets.xcassets */ = {isa = PBXFileReference; lastKnownFileType = folder.assetcatalog; path = Assets.xcassets; sourceTree = "<group>"; };
		C41C99CD2979E8E8002AD3BD /* Base */ = {isa = PBXFileReference; lastKnownFileType = file.storyboard; name = Base; path = Base.lproj/LaunchScreen.storyboard; sourceTree = "<group>"; };
		C41C99CF2979E8E8002AD3BD /* Info.plist */ = {isa = PBXFileReference; lastKnownFileType = text.plist.xml; path = Info.plist; sourceTree = "<group>"; };
		C41C99DA2979ED0C002AD3BD /* MainViewPresenter.swift */ = {isa = PBXFileReference; lastKnownFileType = sourcecode.swift; path = MainViewPresenter.swift; sourceTree = "<group>"; };
		C41C99DC2979ED23002AD3BD /* MainViewInteractor.swift */ = {isa = PBXFileReference; lastKnownFileType = sourcecode.swift; path = MainViewInteractor.swift; sourceTree = "<group>"; };
		C41C99DE2979ED3D002AD3BD /* MainViewConfigurator.swift */ = {isa = PBXFileReference; lastKnownFileType = sourcecode.swift; path = MainViewConfigurator.swift; sourceTree = "<group>"; };
		C41C99E22979F10B002AD3BD /* UIView+Extension.swift */ = {isa = PBXFileReference; lastKnownFileType = sourcecode.swift; path = "UIView+Extension.swift"; sourceTree = "<group>"; };
		C41C99E52979F38A002AD3BD /* MainViewInputProtocol.swift */ = {isa = PBXFileReference; lastKnownFileType = sourcecode.swift; path = MainViewInputProtocol.swift; sourceTree = "<group>"; };
		C41C99E72979F3A6002AD3BD /* MainViewOutputProtocol.swift */ = {isa = PBXFileReference; lastKnownFileType = sourcecode.swift; path = MainViewOutputProtocol.swift; sourceTree = "<group>"; };
		C41C99E92979F405002AD3BD /* MainViewInteractorOutputProtocol.swift */ = {isa = PBXFileReference; lastKnownFileType = sourcecode.swift; path = MainViewInteractorOutputProtocol.swift; sourceTree = "<group>"; };
		C41C99EB2979F41A002AD3BD /* MainViewInteractorInputProtocol.swift */ = {isa = PBXFileReference; lastKnownFileType = sourcecode.swift; path = MainViewInteractorInputProtocol.swift; sourceTree = "<group>"; };
		C41C99ED2979F482002AD3BD /* MainViewConfiguratorInputProtocol.swift */ = {isa = PBXFileReference; lastKnownFileType = sourcecode.swift; path = MainViewConfiguratorInputProtocol.swift; sourceTree = "<group>"; };
		C41C99F0297B148C002AD3BD /* APOD.swift */ = {isa = PBXFileReference; lastKnownFileType = sourcecode.swift; path = APOD.swift; sourceTree = "<group>"; };
		C41C99F3297B1B8F002AD3BD /* ImageManager.swift */ = {isa = PBXFileReference; lastKnownFileType = sourcecode.swift; path = ImageManager.swift; sourceTree = "<group>"; };
		C41C99F5297B26B8002AD3BD /* NetworkManager.swift */ = {isa = PBXFileReference; lastKnownFileType = sourcecode.swift; path = NetworkManager.swift; sourceTree = "<group>"; };
		C41C99FD297B363A002AD3BD /* MainTableViewCell.swift */ = {isa = PBXFileReference; lastKnownFileType = sourcecode.swift; path = MainTableViewCell.swift; sourceTree = "<group>"; };
		C41C99FF297B36A7002AD3BD /* ReusableView.swift */ = {isa = PBXFileReference; lastKnownFileType = sourcecode.swift; path = ReusableView.swift; sourceTree = "<group>"; };
		C43D36062983A362009458A5 /* DetailsViewController.swift */ = {isa = PBXFileReference; lastKnownFileType = sourcecode.swift; path = DetailsViewController.swift; sourceTree = "<group>"; };
		C43D360A2983A3A3009458A5 /* DetailsViewPresenter.swift */ = {isa = PBXFileReference; lastKnownFileType = sourcecode.swift; path = DetailsViewPresenter.swift; sourceTree = "<group>"; };
		C4970C992995A07F0049E216 /* APINasaVIPERTestAppTests.xctest */ = {isa = PBXFileReference; explicitFileType = wrapper.cfbundle; includeInIndex = 0; path = APINasaVIPERTestAppTests.xctest; sourceTree = BUILT_PRODUCTS_DIR; };
		C4970C9B2995A07F0049E216 /* APINasaVIPERTestAppTests.swift */ = {isa = PBXFileReference; lastKnownFileType = sourcecode.swift; path = APINasaVIPERTestAppTests.swift; sourceTree = "<group>"; };
		C4F529A3298718C3003EDEAD /* DetailsViewConfiguratorInputProtocol.swift */ = {isa = PBXFileReference; lastKnownFileType = sourcecode.swift; path = DetailsViewConfiguratorInputProtocol.swift; sourceTree = "<group>"; };
		C4F529A5298718DE003EDEAD /* DetailsViewInputProtocol.swift */ = {isa = PBXFileReference; lastKnownFileType = sourcecode.swift; path = DetailsViewInputProtocol.swift; sourceTree = "<group>"; };
		C4F529A7298718FC003EDEAD /* DetailsViewOutputProtocol.swift */ = {isa = PBXFileReference; lastKnownFileType = sourcecode.swift; path = DetailsViewOutputProtocol.swift; sourceTree = "<group>"; };
		C4F529A929871919003EDEAD /* DetailsViewInteractorOutputProtocol.swift */ = {isa = PBXFileReference; lastKnownFileType = sourcecode.swift; path = DetailsViewInteractorOutputProtocol.swift; sourceTree = "<group>"; };
		C4F529AB29871937003EDEAD /* DetailsViewInteractorInputProtocol.swift */ = {isa = PBXFileReference; lastKnownFileType = sourcecode.swift; path = DetailsViewInteractorInputProtocol.swift; sourceTree = "<group>"; };
		C4F529AD29871AFD003EDEAD /* DetailsViewInteractor.swift */ = {isa = PBXFileReference; lastKnownFileType = sourcecode.swift; path = DetailsViewInteractor.swift; sourceTree = "<group>"; };
		C4F529AF29871B67003EDEAD /* DetailsViewConfigurator.swift */ = {isa = PBXFileReference; lastKnownFileType = sourcecode.swift; path = DetailsViewConfigurator.swift; sourceTree = "<group>"; };
		C4F529B129871EC1003EDEAD /* MainViewRouter.swift */ = {isa = PBXFileReference; lastKnownFileType = sourcecode.swift; path = MainViewRouter.swift; sourceTree = "<group>"; };
		C4F529B329871EF2003EDEAD /* MainViewRouterProtocol.swift */ = {isa = PBXFileReference; lastKnownFileType = sourcecode.swift; path = MainViewRouterProtocol.swift; sourceTree = "<group>"; };
/* End PBXFileReference section */

/* Begin PBXFrameworksBuildPhase section */
		C41C99BB2979E8E7002AD3BD /* Frameworks */ = {
			isa = PBXFrameworksBuildPhase;
			buildActionMask = 2147483647;
			files = (
			);
			runOnlyForDeploymentPostprocessing = 0;
		};
		C4970C962995A07F0049E216 /* Frameworks */ = {
			isa = PBXFrameworksBuildPhase;
			buildActionMask = 2147483647;
			files = (
			);
			runOnlyForDeploymentPostprocessing = 0;
		};
/* End PBXFrameworksBuildPhase section */

/* Begin PBXGroup section */
		C41C99B52979E8E6002AD3BD = {
			isa = PBXGroup;
			children = (
				C41C99C02979E8E7002AD3BD /* APINasaVIPERTestApp */,
				C4970C9A2995A07F0049E216 /* APINasaVIPERTestAppTests */,
				C41C99BF2979E8E7002AD3BD /* Products */,
			);
			sourceTree = "<group>";
		};
		C41C99BF2979E8E7002AD3BD /* Products */ = {
			isa = PBXGroup;
			children = (
				C41C99BE2979E8E7002AD3BD /* APINasaVIPERTestApp.app */,
				C4970C992995A07F0049E216 /* APINasaVIPERTestAppTests.xctest */,
			);
			name = Products;
			sourceTree = "<group>";
		};
		C41C99C02979E8E7002AD3BD /* APINasaVIPERTestApp */ = {
			isa = PBXGroup;
			children = (
				C41C99CF2979E8E8002AD3BD /* Info.plist */,
				C41C99D72979EC3E002AD3BD /* Storyboards */,
				C41C99D62979EC22002AD3BD /* SupportingFiles */,
				C41C99D82979EC58002AD3BD /* Modules */,
				C41C99F2297B1609002AD3BD /* Models */,
				C43D36082983A36C009458A5 /* Managers */,
				C41C99E42979F124002AD3BD /* Extensions */,
				C41C99D52979EC14002AD3BD /* Source */,
			);
			path = APINasaVIPERTestApp;
			sourceTree = "<group>";
		};
		C41C99D52979EC14002AD3BD /* Source */ = {
			isa = PBXGroup;
			children = (
				C41C99CA2979E8E8002AD3BD /* Assets.xcassets */,
			);
			path = Source;
			sourceTree = "<group>";
		};
		C41C99D62979EC22002AD3BD /* SupportingFiles */ = {
			isa = PBXGroup;
			children = (
				C41C99C12979E8E7002AD3BD /* AppDelegate.swift */,
			);
			path = SupportingFiles;
			sourceTree = "<group>";
		};
		C41C99D72979EC3E002AD3BD /* Storyboards */ = {
			isa = PBXGroup;
			children = (
				C41C99CC2979E8E8002AD3BD /* LaunchScreen.storyboard */,
			);
			path = Storyboards;
			sourceTree = "<group>";
		};
		C41C99D82979EC58002AD3BD /* Modules */ = {
			isa = PBXGroup;
			children = (
				C41C99D92979EC61002AD3BD /* Main */,
				C43D36092983A38E009458A5 /* Details */,
			);
			path = Modules;
			sourceTree = "<group>";
		};
		C41C99D92979EC61002AD3BD /* Main */ = {
			isa = PBXGroup;
			children = (
				C43D360C298716AB009458A5 /* Components */,
				C41C99EF2979F8DB002AD3BD /* Protocols */,
				C41C99DE2979ED3D002AD3BD /* MainViewConfigurator.swift */,
				C41C99C52979E8E7002AD3BD /* MainViewController.swift */,
				C41C99DA2979ED0C002AD3BD /* MainViewPresenter.swift */,
				C41C99DC2979ED23002AD3BD /* MainViewInteractor.swift */,
				C4F529B129871EC1003EDEAD /* MainViewRouter.swift */,
			);
			path = Main;
			sourceTree = "<group>";
		};
		C41C99E42979F124002AD3BD /* Extensions */ = {
			isa = PBXGroup;
			children = (
				C41C99FF297B36A7002AD3BD /* ReusableView.swift */,
				C41C99E22979F10B002AD3BD /* UIView+Extension.swift */,
			);
			path = Extensions;
			sourceTree = "<group>";
		};
		C41C99EF2979F8DB002AD3BD /* Protocols */ = {
			isa = PBXGroup;
			children = (
				C41C99ED2979F482002AD3BD /* MainViewConfiguratorInputProtocol.swift */,
				C41C99E52979F38A002AD3BD /* MainViewInputProtocol.swift */,
				C41C99E72979F3A6002AD3BD /* MainViewOutputProtocol.swift */,
				C41C99EB2979F41A002AD3BD /* MainViewInteractorInputProtocol.swift */,
				C41C99E92979F405002AD3BD /* MainViewInteractorOutputProtocol.swift */,
				C4F529B329871EF2003EDEAD /* MainViewRouterProtocol.swift */,
			);
			path = Protocols;
			sourceTree = "<group>";
		};
		C41C99F2297B1609002AD3BD /* Models */ = {
			isa = PBXGroup;
			children = (
				C41C99F0297B148C002AD3BD /* APOD.swift */,
			);
			path = Models;
			sourceTree = "<group>";
		};
		C43D36082983A36C009458A5 /* Managers */ = {
			isa = PBXGroup;
			children = (
				C41C99F3297B1B8F002AD3BD /* ImageManager.swift */,
				C41C99F5297B26B8002AD3BD /* NetworkManager.swift */,
			);
			path = Managers;
			sourceTree = "<group>";
		};
		C43D36092983A38E009458A5 /* Details */ = {
			isa = PBXGroup;
			children = (
				C4AB6B0529943B0500CC7FB3 /*  Protocols */,
				C4F529AF29871B67003EDEAD /* DetailsViewConfigurator.swift */,
				C43D36062983A362009458A5 /* DetailsViewController.swift */,
				C43D360A2983A3A3009458A5 /* DetailsViewPresenter.swift */,
				C4F529AD29871AFD003EDEAD /* DetailsViewInteractor.swift */,
			);
			path = Details;
			sourceTree = "<group>";
		};
		C43D360C298716AB009458A5 /* Components */ = {
			isa = PBXGroup;
			children = (
				C41C99FD297B363A002AD3BD /* MainTableViewCell.swift */,
			);
			path = Components;
			sourceTree = "<group>";
		};
		C4970C9A2995A07F0049E216 /* APINasaVIPERTestAppTests */ = {
			isa = PBXGroup;
			children = (
				C4970C9B2995A07F0049E216 /* APINasaVIPERTestAppTests.swift */,
			);
			path = APINasaVIPERTestAppTests;
			sourceTree = "<group>";
		};
		C4AB6B0529943B0500CC7FB3 /*  Protocols */ = {
			isa = PBXGroup;
			children = (
				C4F529A3298718C3003EDEAD /* DetailsViewConfiguratorInputProtocol.swift */,
				C4F529A5298718DE003EDEAD /* DetailsViewInputProtocol.swift */,
				C4F529A7298718FC003EDEAD /* DetailsViewOutputProtocol.swift */,
				C4F529A929871919003EDEAD /* DetailsViewInteractorOutputProtocol.swift */,
				C4F529AB29871937003EDEAD /* DetailsViewInteractorInputProtocol.swift */,
			);
			path = " Protocols";
			sourceTree = "<group>";
		};
/* End PBXGroup section */

/* Begin PBXNativeTarget section */
		C41C99BD2979E8E7002AD3BD /* APINasaVIPERTestApp */ = {
			isa = PBXNativeTarget;
			buildConfigurationList = C41C99D22979E8E8002AD3BD /* Build configuration list for PBXNativeTarget "APINasaVIPERTestApp" */;
			buildPhases = (
				C41C99BA2979E8E7002AD3BD /* Sources */,
				C41C99BB2979E8E7002AD3BD /* Frameworks */,
				C41C99BC2979E8E7002AD3BD /* Resources */,
			);
			buildRules = (
			);
			dependencies = (
			);
			name = APINasaVIPERTestApp;
			packageProductDependencies = (
			);
			productName = APINasaVIPERTestApp;
			productReference = C41C99BE2979E8E7002AD3BD /* APINasaVIPERTestApp.app */;
			productType = "com.apple.product-type.application";
		};
		C4970C982995A07F0049E216 /* APINasaVIPERTestAppTests */ = {
			isa = PBXNativeTarget;
			buildConfigurationList = C4970CA12995A07F0049E216 /* Build configuration list for PBXNativeTarget "APINasaVIPERTestAppTests" */;
			buildPhases = (
				C4970C952995A07F0049E216 /* Sources */,
				C4970C962995A07F0049E216 /* Frameworks */,
				C4970C972995A07F0049E216 /* Resources */,
			);
			buildRules = (
			);
			dependencies = (
				C4970C9E2995A07F0049E216 /* PBXTargetDependency */,
			);
			name = APINasaVIPERTestAppTests;
			productName = APINasaVIPERTestAppTests;
			productReference = C4970C992995A07F0049E216 /* APINasaVIPERTestAppTests.xctest */;
			productType = "com.apple.product-type.bundle.unit-test";
		};
/* End PBXNativeTarget section */

/* Begin PBXProject section */
		C41C99B62979E8E6002AD3BD /* Project object */ = {
			isa = PBXProject;
			attributes = {
				BuildIndependentTargetsInParallel = 1;
				LastSwiftUpdateCheck = 1410;
				LastUpgradeCheck = 1410;
				TargetAttributes = {
					C41C99BD2979E8E7002AD3BD = {
						CreatedOnToolsVersion = 14.1;
					};
					C4970C982995A07F0049E216 = {
						CreatedOnToolsVersion = 14.1;
						TestTargetID = C41C99BD2979E8E7002AD3BD;
					};
				};
			};
			buildConfigurationList = C41C99B92979E8E6002AD3BD /* Build configuration list for PBXProject "APINasaVIPERTestApp" */;
			compatibilityVersion = "Xcode 14.0";
			developmentRegion = en;
			hasScannedForEncodings = 0;
			knownRegions = (
				en,
				Base,
			);
			mainGroup = C41C99B52979E8E6002AD3BD;
			packageReferences = (
			);
			productRefGroup = C41C99BF2979E8E7002AD3BD /* Products */;
			projectDirPath = "";
			projectRoot = "";
			targets = (
				C41C99BD2979E8E7002AD3BD /* APINasaVIPERTestApp */,
				C4970C982995A07F0049E216 /* APINasaVIPERTestAppTests */,
			);
		};
/* End PBXProject section */

/* Begin PBXResourcesBuildPhase section */
		C41C99BC2979E8E7002AD3BD /* Resources */ = {
			isa = PBXResourcesBuildPhase;
			buildActionMask = 2147483647;
			files = (
				C41C99CE2979E8E8002AD3BD /* LaunchScreen.storyboard in Resources */,
				C41C99CB2979E8E8002AD3BD /* Assets.xcassets in Resources */,
			);
			runOnlyForDeploymentPostprocessing = 0;
		};
		C4970C972995A07F0049E216 /* Resources */ = {
			isa = PBXResourcesBuildPhase;
			buildActionMask = 2147483647;
			files = (
			);
			runOnlyForDeploymentPostprocessing = 0;
		};
/* End PBXResourcesBuildPhase section */

/* Begin PBXSourcesBuildPhase section */
		C41C99BA2979E8E7002AD3BD /* Sources */ = {
			isa = PBXSourcesBuildPhase;
			buildActionMask = 2147483647;
			files = (
				C41C99E32979F10B002AD3BD /* UIView+Extension.swift in Sources */,
				C41C99F1297B148C002AD3BD /* APOD.swift in Sources */,
				C4F529B429871EF2003EDEAD /* MainViewRouterProtocol.swift in Sources */,
				C41C99C62979E8E7002AD3BD /* MainViewController.swift in Sources */,
				C41C99E82979F3A6002AD3BD /* MainViewOutputProtocol.swift in Sources */,
				C4F529A6298718DE003EDEAD /* DetailsViewInputProtocol.swift in Sources */,
				C4F529A4298718C3003EDEAD /* DetailsViewConfiguratorInputProtocol.swift in Sources */,
				C41C99FE297B363A002AD3BD /* MainTableViewCell.swift in Sources */,
				C4F529AC29871937003EDEAD /* DetailsViewInteractorInputProtocol.swift in Sources */,
				C4F529A8298718FC003EDEAD /* DetailsViewOutputProtocol.swift in Sources */,
				C41C99EA2979F405002AD3BD /* MainViewInteractorOutputProtocol.swift in Sources */,
				C41C99C22979E8E7002AD3BD /* AppDelegate.swift in Sources */,
				C41C99EC2979F41A002AD3BD /* MainViewInteractorInputProtocol.swift in Sources */,
				C43D360B2983A3A3009458A5 /* DetailsViewPresenter.swift in Sources */,
				C41C99EE2979F482002AD3BD /* MainViewConfiguratorInputProtocol.swift in Sources */,
				C43D36072983A362009458A5 /* DetailsViewController.swift in Sources */,
				C41C99E62979F38B002AD3BD /* MainViewInputProtocol.swift in Sources */,
				C41C99DF2979ED3D002AD3BD /* MainViewConfigurator.swift in Sources */,
				C41C9A00297B36A7002AD3BD /* ReusableView.swift in Sources */,
				C4F529B229871EC1003EDEAD /* MainViewRouter.swift in Sources */,
				C4F529AE29871AFD003EDEAD /* DetailsViewInteractor.swift in Sources */,
				C41C99F6297B26B8002AD3BD /* NetworkManager.swift in Sources */,
				C41C99DD2979ED23002AD3BD /* MainViewInteractor.swift in Sources */,
				C4F529AA29871919003EDEAD /* DetailsViewInteractorOutputProtocol.swift in Sources */,
				C4F529B029871B67003EDEAD /* DetailsViewConfigurator.swift in Sources */,
				C41C99DB2979ED0C002AD3BD /* MainViewPresenter.swift in Sources */,
				C41C99F4297B1B8F002AD3BD /* ImageManager.swift in Sources */,
			);
			runOnlyForDeploymentPostprocessing = 0;
		};
		C4970C952995A07F0049E216 /* Sources */ = {
			isa = PBXSourcesBuildPhase;
			buildActionMask = 2147483647;
			files = (
				C4970C9C2995A07F0049E216 /* APINasaVIPERTestAppTests.swift in Sources */,
			);
			runOnlyForDeploymentPostprocessing = 0;
		};
/* End PBXSourcesBuildPhase section */

/* Begin PBXTargetDependency section */
		C4970C9E2995A07F0049E216 /* PBXTargetDependency */ = {
			isa = PBXTargetDependency;
			target = C41C99BD2979E8E7002AD3BD /* APINasaVIPERTestApp */;
			targetProxy = C4970C9D2995A07F0049E216 /* PBXContainerItemProxy */;
		};
/* End PBXTargetDependency section */

/* Begin PBXVariantGroup section */
		C41C99CC2979E8E8002AD3BD /* LaunchScreen.storyboard */ = {
			isa = PBXVariantGroup;
			children = (
				C41C99CD2979E8E8002AD3BD /* Base */,
			);
			name = LaunchScreen.storyboard;
			sourceTree = "<group>";
		};
/* End PBXVariantGroup section */

/* Begin XCBuildConfiguration section */
		C41C99D02979E8E8002AD3BD /* Debug */ = {
			isa = XCBuildConfiguration;
			buildSettings = {
				ALWAYS_SEARCH_USER_PATHS = NO;
				CLANG_ANALYZER_NONNULL = YES;
				CLANG_ANALYZER_NUMBER_OBJECT_CONVERSION = YES_AGGRESSIVE;
				CLANG_CXX_LANGUAGE_STANDARD = "gnu++20";
				CLANG_ENABLE_MODULES = YES;
				CLANG_ENABLE_OBJC_ARC = YES;
				CLANG_ENABLE_OBJC_WEAK = YES;
				CLANG_WARN_BLOCK_CAPTURE_AUTORELEASING = YES;
				CLANG_WARN_BOOL_CONVERSION = YES;
				CLANG_WARN_COMMA = YES;
				CLANG_WARN_CONSTANT_CONVERSION = YES;
				CLANG_WARN_DEPRECATED_OBJC_IMPLEMENTATIONS = YES;
				CLANG_WARN_DIRECT_OBJC_ISA_USAGE = YES_ERROR;
				CLANG_WARN_DOCUMENTATION_COMMENTS = YES;
				CLANG_WARN_EMPTY_BODY = YES;
				CLANG_WARN_ENUM_CONVERSION = YES;
				CLANG_WARN_INFINITE_RECURSION = YES;
				CLANG_WARN_INT_CONVERSION = YES;
				CLANG_WARN_NON_LITERAL_NULL_CONVERSION = YES;
				CLANG_WARN_OBJC_IMPLICIT_RETAIN_SELF = YES;
				CLANG_WARN_OBJC_LITERAL_CONVERSION = YES;
				CLANG_WARN_OBJC_ROOT_CLASS = YES_ERROR;
				CLANG_WARN_QUOTED_INCLUDE_IN_FRAMEWORK_HEADER = YES;
				CLANG_WARN_RANGE_LOOP_ANALYSIS = YES;
				CLANG_WARN_STRICT_PROTOTYPES = YES;
				CLANG_WARN_SUSPICIOUS_MOVE = YES;
				CLANG_WARN_UNGUARDED_AVAILABILITY = YES_AGGRESSIVE;
				CLANG_WARN_UNREACHABLE_CODE = YES;
				CLANG_WARN__DUPLICATE_METHOD_MATCH = YES;
				COPY_PHASE_STRIP = NO;
				DEBUG_INFORMATION_FORMAT = dwarf;
				ENABLE_STRICT_OBJC_MSGSEND = YES;
				ENABLE_TESTABILITY = YES;
				GCC_C_LANGUAGE_STANDARD = gnu11;
				GCC_DYNAMIC_NO_PIC = NO;
				GCC_NO_COMMON_BLOCKS = YES;
				GCC_OPTIMIZATION_LEVEL = 0;
				GCC_PREPROCESSOR_DEFINITIONS = (
					"DEBUG=1",
					"$(inherited)",
				);
				GCC_WARN_64_TO_32_BIT_CONVERSION = YES;
				GCC_WARN_ABOUT_RETURN_TYPE = YES_ERROR;
				GCC_WARN_UNDECLARED_SELECTOR = YES;
				GCC_WARN_UNINITIALIZED_AUTOS = YES_AGGRESSIVE;
				GCC_WARN_UNUSED_FUNCTION = YES;
				GCC_WARN_UNUSED_VARIABLE = YES;
				IPHONEOS_DEPLOYMENT_TARGET = 16.1;
				MTL_ENABLE_DEBUG_INFO = INCLUDE_SOURCE;
				MTL_FAST_MATH = YES;
				ONLY_ACTIVE_ARCH = YES;
				SDKROOT = iphoneos;
				SWIFT_ACTIVE_COMPILATION_CONDITIONS = DEBUG;
				SWIFT_OPTIMIZATION_LEVEL = "-Onone";
			};
			name = Debug;
		};
		C41C99D12979E8E8002AD3BD /* Release */ = {
			isa = XCBuildConfiguration;
			buildSettings = {
				ALWAYS_SEARCH_USER_PATHS = NO;
				CLANG_ANALYZER_NONNULL = YES;
				CLANG_ANALYZER_NUMBER_OBJECT_CONVERSION = YES_AGGRESSIVE;
				CLANG_CXX_LANGUAGE_STANDARD = "gnu++20";
				CLANG_ENABLE_MODULES = YES;
				CLANG_ENABLE_OBJC_ARC = YES;
				CLANG_ENABLE_OBJC_WEAK = YES;
				CLANG_WARN_BLOCK_CAPTURE_AUTORELEASING = YES;
				CLANG_WARN_BOOL_CONVERSION = YES;
				CLANG_WARN_COMMA = YES;
				CLANG_WARN_CONSTANT_CONVERSION = YES;
				CLANG_WARN_DEPRECATED_OBJC_IMPLEMENTATIONS = YES;
				CLANG_WARN_DIRECT_OBJC_ISA_USAGE = YES_ERROR;
				CLANG_WARN_DOCUMENTATION_COMMENTS = YES;
				CLANG_WARN_EMPTY_BODY = YES;
				CLANG_WARN_ENUM_CONVERSION = YES;
				CLANG_WARN_INFINITE_RECURSION = YES;
				CLANG_WARN_INT_CONVERSION = YES;
				CLANG_WARN_NON_LITERAL_NULL_CONVERSION = YES;
				CLANG_WARN_OBJC_IMPLICIT_RETAIN_SELF = YES;
				CLANG_WARN_OBJC_LITERAL_CONVERSION = YES;
				CLANG_WARN_OBJC_ROOT_CLASS = YES_ERROR;
				CLANG_WARN_QUOTED_INCLUDE_IN_FRAMEWORK_HEADER = YES;
				CLANG_WARN_RANGE_LOOP_ANALYSIS = YES;
				CLANG_WARN_STRICT_PROTOTYPES = YES;
				CLANG_WARN_SUSPICIOUS_MOVE = YES;
				CLANG_WARN_UNGUARDED_AVAILABILITY = YES_AGGRESSIVE;
				CLANG_WARN_UNREACHABLE_CODE = YES;
				CLANG_WARN__DUPLICATE_METHOD_MATCH = YES;
				COPY_PHASE_STRIP = NO;
				DEBUG_INFORMATION_FORMAT = "dwarf-with-dsym";
				ENABLE_NS_ASSERTIONS = NO;
				ENABLE_STRICT_OBJC_MSGSEND = YES;
				GCC_C_LANGUAGE_STANDARD = gnu11;
				GCC_NO_COMMON_BLOCKS = YES;
				GCC_WARN_64_TO_32_BIT_CONVERSION = YES;
				GCC_WARN_ABOUT_RETURN_TYPE = YES_ERROR;
				GCC_WARN_UNDECLARED_SELECTOR = YES;
				GCC_WARN_UNINITIALIZED_AUTOS = YES_AGGRESSIVE;
				GCC_WARN_UNUSED_FUNCTION = YES;
				GCC_WARN_UNUSED_VARIABLE = YES;
				IPHONEOS_DEPLOYMENT_TARGET = 16.1;
				MTL_ENABLE_DEBUG_INFO = NO;
				MTL_FAST_MATH = YES;
				SDKROOT = iphoneos;
				SWIFT_COMPILATION_MODE = wholemodule;
				SWIFT_OPTIMIZATION_LEVEL = "-O";
				VALIDATE_PRODUCT = YES;
			};
			name = Release;
		};
		C41C99D32979E8E8002AD3BD /* Debug */ = {
			isa = XCBuildConfiguration;
			buildSettings = {
				ASSETCATALOG_COMPILER_APPICON_NAME = AppIcon;
				ASSETCATALOG_COMPILER_GLOBAL_ACCENT_COLOR_NAME = AccentColor;
				CODE_SIGN_STYLE = Automatic;
				CURRENT_PROJECT_VERSION = 1;
				DEVELOPMENT_TEAM = MF2X2E877U;
				GENERATE_INFOPLIST_FILE = YES;
				INFOPLIST_FILE = APINasaVIPERTestApp/Info.plist;
				INFOPLIST_KEY_UIApplicationSupportsIndirectInputEvents = YES;
				INFOPLIST_KEY_UILaunchStoryboardName = LaunchScreen;
				INFOPLIST_KEY_UISupportedInterfaceOrientations_iPad = "UIInterfaceOrientationPortrait UIInterfaceOrientationPortraitUpsideDown UIInterfaceOrientationLandscapeLeft UIInterfaceOrientationLandscapeRight";
				INFOPLIST_KEY_UISupportedInterfaceOrientations_iPhone = "UIInterfaceOrientationPortrait UIInterfaceOrientationLandscapeLeft UIInterfaceOrientationLandscapeRight";
				LD_RUNPATH_SEARCH_PATHS = (
					"$(inherited)",
					"@executable_path/Frameworks",
				);
				MARKETING_VERSION = 1.0;
				PRODUCT_BUNDLE_IDENTIFIER = com.alt.delegate.APINasaVIPERTestApp;
				PRODUCT_NAME = "$(TARGET_NAME)";
				SWIFT_EMIT_LOC_STRINGS = YES;
				SWIFT_VERSION = 5.0;
				TARGETED_DEVICE_FAMILY = "1,2";
			};
			name = Debug;
		};
		C41C99D42979E8E8002AD3BD /* Release */ = {
			isa = XCBuildConfiguration;
			buildSettings = {
				ASSETCATALOG_COMPILER_APPICON_NAME = AppIcon;
				ASSETCATALOG_COMPILER_GLOBAL_ACCENT_COLOR_NAME = AccentColor;
				CODE_SIGN_STYLE = Automatic;
				CURRENT_PROJECT_VERSION = 1;
				DEVELOPMENT_TEAM = MF2X2E877U;
				GENERATE_INFOPLIST_FILE = YES;
				INFOPLIST_FILE = APINasaVIPERTestApp/Info.plist;
				INFOPLIST_KEY_UIApplicationSupportsIndirectInputEvents = YES;
				INFOPLIST_KEY_UILaunchStoryboardName = LaunchScreen;
				INFOPLIST_KEY_UISupportedInterfaceOrientations_iPad = "UIInterfaceOrientationPortrait UIInterfaceOrientationPortraitUpsideDown UIInterfaceOrientationLandscapeLeft UIInterfaceOrientationLandscapeRight";
				INFOPLIST_KEY_UISupportedInterfaceOrientations_iPhone = "UIInterfaceOrientationPortrait UIInterfaceOrientationLandscapeLeft UIInterfaceOrientationLandscapeRight";
				LD_RUNPATH_SEARCH_PATHS = (
					"$(inherited)",
					"@executable_path/Frameworks",
				);
				MARKETING_VERSION = 1.0;
				PRODUCT_BUNDLE_IDENTIFIER = com.alt.delegate.APINasaVIPERTestApp;
				PRODUCT_NAME = "$(TARGET_NAME)";
				SWIFT_EMIT_LOC_STRINGS = YES;
				SWIFT_VERSION = 5.0;
				TARGETED_DEVICE_FAMILY = "1,2";
			};
			name = Release;
		};
		C4970C9F2995A07F0049E216 /* Debug */ = {
			isa = XCBuildConfiguration;
			buildSettings = {
				BUNDLE_LOADER = "$(TEST_HOST)";
				CODE_SIGN_STYLE = Automatic;
				CURRENT_PROJECT_VERSION = 1;
				DEVELOPMENT_TEAM = MF2X2E877U;
				GENERATE_INFOPLIST_FILE = YES;
				MARKETING_VERSION = 1.0;
				PRODUCT_BUNDLE_IDENTIFIER = com.alt.delegate.APINasaVIPERTestAppTests;
				PRODUCT_NAME = "$(TARGET_NAME)";
				SWIFT_EMIT_LOC_STRINGS = NO;
				SWIFT_VERSION = 5.0;
				TARGETED_DEVICE_FAMILY = "1,2";
				TEST_HOST = "$(BUILT_PRODUCTS_DIR)/APINasaVIPERTestApp.app/$(BUNDLE_EXECUTABLE_FOLDER_PATH)/APINasaVIPERTestApp";
			};
			name = Debug;
		};
		C4970CA02995A07F0049E216 /* Release */ = {
			isa = XCBuildConfiguration;
			buildSettings = {
				BUNDLE_LOADER = "$(TEST_HOST)";
				CODE_SIGN_STYLE = Automatic;
				CURRENT_PROJECT_VERSION = 1;
				DEVELOPMENT_TEAM = MF2X2E877U;
				GENERATE_INFOPLIST_FILE = YES;
				MARKETING_VERSION = 1.0;
				PRODUCT_BUNDLE_IDENTIFIER = com.alt.delegate.APINasaVIPERTestAppTests;
				PRODUCT_NAME = "$(TARGET_NAME)";
				SWIFT_EMIT_LOC_STRINGS = NO;
				SWIFT_VERSION = 5.0;
				TARGETED_DEVICE_FAMILY = "1,2";
				TEST_HOST = "$(BUILT_PRODUCTS_DIR)/APINasaVIPERTestApp.app/$(BUNDLE_EXECUTABLE_FOLDER_PATH)/APINasaVIPERTestApp";
			};
			name = Release;
		};
/* End XCBuildConfiguration section */

/* Begin XCConfigurationList section */
		C41C99B92979E8E6002AD3BD /* Build configuration list for PBXProject "APINasaVIPERTestApp" */ = {
			isa = XCConfigurationList;
			buildConfigurations = (
				C41C99D02979E8E8002AD3BD /* Debug */,
				C41C99D12979E8E8002AD3BD /* Release */,
			);
			defaultConfigurationIsVisible = 0;
			defaultConfigurationName = Release;
		};
		C41C99D22979E8E8002AD3BD /* Build configuration list for PBXNativeTarget "APINasaVIPERTestApp" */ = {
			isa = XCConfigurationList;
			buildConfigurations = (
				C41C99D32979E8E8002AD3BD /* Debug */,
				C41C99D42979E8E8002AD3BD /* Release */,
			);
			defaultConfigurationIsVisible = 0;
			defaultConfigurationName = Release;
		};
		C4970CA12995A07F0049E216 /* Build configuration list for PBXNativeTarget "APINasaVIPERTestAppTests" */ = {
			isa = XCConfigurationList;
			buildConfigurations = (
				C4970C9F2995A07F0049E216 /* Debug */,
				C4970CA02995A07F0049E216 /* Release */,
			);
			defaultConfigurationIsVisible = 0;
			defaultConfigurationName = Release;
		};
/* End XCConfigurationList section */
	};
	rootObject = C41C99B62979E8E6002AD3BD /* Project object */;
}
